
Microsoft Visual Studio Solution File, Format Version 12.00
# Visual Studio Version 17
VisualStudioVersion = 17.8.34316.72
MinimumVisualStudioVersion = 10.0.40219.1
Project("{FAE04EC0-301F-11D3-BF4B-00C04F79EFBC}") = "AllDecorAlways", "AllDecorAlways\AllDecorAlways.csproj", "{2FE88052-1B99-41B3-85BC-6FEA62AE8851}"
EndProject
Global
	GlobalSection(SolutionConfigurationPlatforms) = preSolution
		Debug|Any CPU = Debug|Any CPU
		Release|Any CPU = Release|Any CPU
	EndGlobalSection
	GlobalSection(ProjectConfigurationPlatforms) = postSolution
		{2FE88052-1B99-41B3-85BC-6FEA62AE8851}.Debug|Any CPU.ActiveCfg = Debug|Any CPU
		{2FE88052-1B99-41B3-85BC-6FEA62AE8851}.Debug|Any CPU.Build.0 = Debug|Any CPU
		{2FE88052-1B99-41B3-85BC-6FEA62AE8851}.Release|Any CPU.ActiveCfg = Release|Any CPU
		{2FE88052-1B99-41B3-85BC-6FEA62AE8851}.Release|Any CPU.Build.0 = Release|Any CPU
	EndGlobalSection
	GlobalSection(SolutionProperties) = preSolution
		HideSolutionNode = FALSE
	EndGlobalSection
	GlobalSection(ExtensibilityGlobals) = postSolution
		SolutionGuid = {35F73E8E-6252-4873-8432-93EF385EDC5C}
	EndGlobalSection
EndGlobal
